
Microsoft Visual Studio Solution File, Format Version 12.00
# Visual Studio Version 17
VisualStudioVersion = 17.0.31903.59
MinimumVisualStudioVersion = 10.0.40219.1
Project("{2150E333-8FDC-42A3-9474-1A3956D46DE8}") = "src", "src", "{827E0CD3-B72D-47B6-A68D-7590B98EB39B}"
EndProject
Project("{2150E333-8FDC-42A3-9474-1A3956D46DE8}") = "BuildingBlocks", "BuildingBlocks", "{90298CBA-BD6F-3A0A-69D5-97CAD7B05E7E}"
EndProject
Project("{2150E333-8FDC-42A3-9474-1A3956D46DE8}") = "SharedKernel", "SharedKernel", "{29198B4F-BA60-D483-6723-7BD064451595}"
EndProject
Project("{FAE04EC0-301F-11D3-BF4B-00C04F79EFBC}") = "JobTracker.SharedKernel", "src\BuildingBlocks\SharedKernel\JobTracker.SharedKernel.csproj", "{1110E85F-29D9-49BE-9A7C-59EF965B9198}"
EndProject
Project("{2150E333-8FDC-42A3-9474-1A3956D46DE8}") = "Application", "Application", "{9EE5AAEC-AB02-9FE8-CF99-35D2D2EE0FA4}"
EndProject
Project("{FAE04EC0-301F-11D3-BF4B-00C04F79EFBC}") = "JobTracker.BuildingBlocks.Application", "src\BuildingBlocks\Application\JobTracker.BuildingBlocks.Application.csproj", "{58165581-43AB-4C5D-830C-9BA1525A0B9C}"
EndProject
Project("{2150E333-8FDC-42A3-9474-1A3956D46DE8}") = "Infrastructure", "Infrastructure", "{A7446B4C-3630-9B3B-F288-1F78CD1B2B87}"
EndProject
Project("{FAE04EC0-301F-11D3-BF4B-00C04F79EFBC}") = "JobTracker.BuildingBlocks.Infrastructure", "src\BuildingBlocks\Infrastructure\JobTracker.BuildingBlocks.Infrastructure.csproj", "{D66D298B-D27B-45BC-BA9A-71DA0AF67F4E}"
EndProject
Project("{2150E333-8FDC-42A3-9474-1A3956D46DE8}") = "Presentation", "Presentation", "{B1F2B01C-43C1-A1F4-1FC4-DD0B634DA515}"
EndProject
Project("{FAE04EC0-301F-11D3-BF4B-00C04F79EFBC}") = "JobTracker.BuildingBlocks.Presentation", "src\BuildingBlocks\Presentation\JobTracker.BuildingBlocks.Presentation.csproj", "{4A103979-66BA-4946-87F9-8B2FE1FA36B5}"
EndProject
Project("{2150E333-8FDC-42A3-9474-1A3956D46DE8}") = "Modules", "Modules", "{EC447DCF-ABFA-6E24-52A5-D7FD48A5C558}"
EndProject
Project("{2150E333-8FDC-42A3-9474-1A3956D46DE8}") = "Jobs", "Jobs", "{72D90D98-2977-7949-81F5-CA55A7205F48}"
EndProject
Project("{FAE04EC0-301F-11D3-BF4B-00C04F79EFBC}") = "Jobs.Domain", "src\Modules\Jobs\Jobs.Domain\Jobs.Domain.csproj", "{F1B2216A-C5B1-475C-ACDC-B04E8EE74533}"
EndProject
Project("{FAE04EC0-301F-11D3-BF4B-00C04F79EFBC}") = "Jobs.Application", "src\Modules\Jobs\Jobs.Application\Jobs.Application.csproj", "{E4B1C6C3-69E0-436E-8A90-EC321FB7FF79}"
EndProject
Project("{FAE04EC0-301F-11D3-BF4B-00C04F79EFBC}") = "Jobs.Infrastructure", "src\Modules\Jobs\Jobs.Infrastructure\Jobs.Infrastructure.csproj", "{76B78A8F-9E06-4A5C-97AF-FE85D97FA574}"
EndProject
Project("{FAE04EC0-301F-11D3-BF4B-00C04F79EFBC}") = "Jobs.IntegrationEvents", "src\Modules\Jobs\Jobs.IntegrationEvents\Jobs.IntegrationEvents.csproj", "{EF96435A-7491-42C7-9027-6C582E9DB067}"
EndProject
Project("{FAE04EC0-301F-11D3-BF4B-00C04F79EFBC}") = "Jobs.Presentation", "src\Modules\Jobs\Jobs.Presentation\Jobs.Presentation.csproj", "{C61D2CAB-6F4F-4E58-9592-549E2F299426}"
EndProject
Project("{2150E333-8FDC-42A3-9474-1A3956D46DE8}") = "Host", "Host", "{981C2CF6-E5BB-602A-511C-234B538302B0}"
EndProject
Project("{FAE04EC0-301F-11D3-BF4B-00C04F79EFBC}") = "JobTracker.Api", "src\Host\JobTracker.Api\JobTracker.Api.csproj", "{3CD27C2F-E0B8-446D-9B5F-9F7620635B55}"
EndProject
Project("{2150E333-8FDC-42A3-9474-1A3956D46DE8}") = "tests", "tests", "{0AB3BF05-4346-4AA6-1389-037BE0695223}"
EndProject
Project("{FAE04EC0-301F-11D3-BF4B-00C04F79EFBC}") = "JobTracker.Tests.Unit", "tests\JobTracker.Tests.Unit\JobTracker.Tests.Unit.csproj", "{1725C390-580B-4967-9E64-84F7C2AE341C}"
EndProject
Project("{FAE04EC0-301F-11D3-BF4B-00C04F79EFBC}") = "JobTracker.Tests.Architecture", "tests\JobTracker.Tests.Architecture\JobTracker.Tests.Architecture.csproj", "{1A2C976D-E96A-4017-859D-0A2245A3A1ED}"
EndProject
Project("{FAE04EC0-301F-11D3-BF4B-00C04F79EFBC}") = "JobTracker.Tests.Integration", "tests\JobTracker.Tests.Integration\JobTracker.Tests.Integration.csproj", "{8BBEA5F6-375E-4059-B559-DAB313E3D744}"
EndProject
Global
	GlobalSection(SolutionConfigurationPlatforms) = preSolution
		Debug|Any CPU = Debug|Any CPU
		Debug|x64 = Debug|x64
		Debug|x86 = Debug|x86
		Release|Any CPU = Release|Any CPU
		Release|x64 = Release|x64
		Release|x86 = Release|x86
	EndGlobalSection
	GlobalSection(ProjectConfigurationPlatforms) = postSolution
		{1110E85F-29D9-49BE-9A7C-59EF965B9198}.Debug|Any CPU.ActiveCfg = Debug|Any CPU
		{1110E85F-29D9-49BE-9A7C-59EF965B9198}.Debug|Any CPU.Build.0 = Debug|Any CPU
		{1110E85F-29D9-49BE-9A7C-59EF965B9198}.Debug|x64.ActiveCfg = Debug|Any CPU
		{1110E85F-29D9-49BE-9A7C-59EF965B9198}.Debug|x64.Build.0 = Debug|Any CPU
		{1110E85F-29D9-49BE-9A7C-59EF965B9198}.Debug|x86.ActiveCfg = Debug|Any CPU
		{1110E85F-29D9-49BE-9A7C-59EF965B9198}.Debug|x86.Build.0 = Debug|Any CPU
		{1110E85F-29D9-49BE-9A7C-59EF965B9198}.Release|Any CPU.ActiveCfg = Release|Any CPU
		{1110E85F-29D9-49BE-9A7C-59EF965B9198}.Release|Any CPU.Build.0 = Release|Any CPU
		{1110E85F-29D9-49BE-9A7C-59EF965B9198}.Release|x64.ActiveCfg = Release|Any CPU
		{1110E85F-29D9-49BE-9A7C-59EF965B9198}.Release|x64.Build.0 = Release|Any CPU
		{1110E85F-29D9-49BE-9A7C-59EF965B9198}.Release|x86.ActiveCfg = Release|Any CPU
		{1110E85F-29D9-49BE-9A7C-59EF965B9198}.Release|x86.Build.0 = Release|Any CPU
		{58165581-43AB-4C5D-830C-9BA1525A0B9C}.Debug|Any CPU.ActiveCfg = Debug|Any CPU
		{58165581-43AB-4C5D-830C-9BA1525A0B9C}.Debug|Any CPU.Build.0 = Debug|Any CPU
		{58165581-43AB-4C5D-830C-9BA1525A0B9C}.Debug|x64.ActiveCfg = Debug|Any CPU
		{58165581-43AB-4C5D-830C-9BA1525A0B9C}.Debug|x64.Build.0 = Debug|Any CPU
		{58165581-43AB-4C5D-830C-9BA1525A0B9C}.Debug|x86.ActiveCfg = Debug|Any CPU
		{58165581-43AB-4C5D-830C-9BA1525A0B9C}.Debug|x86.Build.0 = Debug|Any CPU
		{58165581-43AB-4C5D-830C-9BA1525A0B9C}.Release|Any CPU.ActiveCfg = Release|Any CPU
		{58165581-43AB-4C5D-830C-9BA1525A0B9C}.Release|Any CPU.Build.0 = Release|Any CPU
		{58165581-43AB-4C5D-830C-9BA1525A0B9C}.Release|x64.ActiveCfg = Release|Any CPU
		{58165581-43AB-4C5D-830C-9BA1525A0B9C}.Release|x64.Build.0 = Release|Any CPU
		{58165581-43AB-4C5D-830C-9BA1525A0B9C}.Release|x86.ActiveCfg = Release|Any CPU
		{58165581-43AB-4C5D-830C-9BA1525A0B9C}.Release|x86.Build.0 = Release|Any CPU
		{D66D298B-D27B-45BC-BA9A-71DA0AF67F4E}.Debug|Any CPU.ActiveCfg = Debug|Any CPU
		{D66D298B-D27B-45BC-BA9A-71DA0AF67F4E}.Debug|Any CPU.Build.0 = Debug|Any CPU
		{D66D298B-D27B-45BC-BA9A-71DA0AF67F4E}.Debug|x64.ActiveCfg = Debug|Any CPU
		{D66D298B-D27B-45BC-BA9A-71DA0AF67F4E}.Debug|x64.Build.0 = Debug|Any CPU
		{D66D298B-D27B-45BC-BA9A-71DA0AF67F4E}.Debug|x86.ActiveCfg = Debug|Any CPU
		{D66D298B-D27B-45BC-BA9A-71DA0AF67F4E}.Debug|x86.Build.0 = Debug|Any CPU
		{D66D298B-D27B-45BC-BA9A-71DA0AF67F4E}.Release|Any CPU.ActiveCfg = Release|Any CPU
		{D66D298B-D27B-45BC-BA9A-71DA0AF67F4E}.Release|Any CPU.Build.0 = Release|Any CPU
		{D66D298B-D27B-45BC-BA9A-71DA0AF67F4E}.Release|x64.ActiveCfg = Release|Any CPU
		{D66D298B-D27B-45BC-BA9A-71DA0AF67F4E}.Release|x64.Build.0 = Release|Any CPU
		{D66D298B-D27B-45BC-BA9A-71DA0AF67F4E}.Release|x86.ActiveCfg = Release|Any CPU
		{D66D298B-D27B-45BC-BA9A-71DA0AF67F4E}.Release|x86.Build.0 = Release|Any CPU
		{4A103979-66BA-4946-87F9-8B2FE1FA36B5}.Debug|Any CPU.ActiveCfg = Debug|Any CPU
		{4A103979-66BA-4946-87F9-8B2FE1FA36B5}.Debug|Any CPU.Build.0 = Debug|Any CPU
		{4A103979-66BA-4946-87F9-8B2FE1FA36B5}.Debug|x64.ActiveCfg = Debug|Any CPU
		{4A103979-66BA-4946-87F9-8B2FE1FA36B5}.Debug|x64.Build.0 = Debug|Any CPU
		{4A103979-66BA-4946-87F9-8B2FE1FA36B5}.Debug|x86.ActiveCfg = Debug|Any CPU
		{4A103979-66BA-4946-87F9-8B2FE1FA36B5}.Debug|x86.Build.0 = Debug|Any CPU
		{4A103979-66BA-4946-87F9-8B2FE1FA36B5}.Release|Any CPU.ActiveCfg = Release|Any CPU
		{4A103979-66BA-4946-87F9-8B2FE1FA36B5}.Release|Any CPU.Build.0 = Release|Any CPU
		{4A103979-66BA-4946-87F9-8B2FE1FA36B5}.Release|x64.ActiveCfg = Release|Any CPU
		{4A103979-66BA-4946-87F9-8B2FE1FA36B5}.Release|x64.Build.0 = Release|Any CPU
		{4A103979-66BA-4946-87F9-8B2FE1FA36B5}.Release|x86.ActiveCfg = Release|Any CPU
		{4A103979-66BA-4946-87F9-8B2FE1FA36B5}.Release|x86.Build.0 = Release|Any CPU
		{F1B2216A-C5B1-475C-ACDC-B04E8EE74533}.Debug|Any CPU.ActiveCfg = Debug|Any CPU
		{F1B2216A-C5B1-475C-ACDC-B04E8EE74533}.Debug|Any CPU.Build.0 = Debug|Any CPU
		{F1B2216A-C5B1-475C-ACDC-B04E8EE74533}.Debug|x64.ActiveCfg = Debug|Any CPU
		{F1B2216A-C5B1-475C-ACDC-B04E8EE74533}.Debug|x64.Build.0 = Debug|Any CPU
		{F1B2216A-C5B1-475C-ACDC-B04E8EE74533}.Debug|x86.ActiveCfg = Debug|Any CPU
		{F1B2216A-C5B1-475C-ACDC-B04E8EE74533}.Debug|x86.Build.0 = Debug|Any CPU
		{F1B2216A-C5B1-475C-ACDC-B04E8EE74533}.Release|Any CPU.ActiveCfg = Release|Any CPU
		{F1B2216A-C5B1-475C-ACDC-B04E8EE74533}.Release|Any CPU.Build.0 = Release|Any CPU
		{F1B2216A-C5B1-475C-ACDC-B04E8EE74533}.Release|x64.ActiveCfg = Release|Any CPU
		{F1B2216A-C5B1-475C-ACDC-B04E8EE74533}.Release|x64.Build.0 = Release|Any CPU
		{F1B2216A-C5B1-475C-ACDC-B04E8EE74533}.Release|x86.ActiveCfg = Release|Any CPU
		{F1B2216A-C5B1-475C-ACDC-B04E8EE74533}.Release|x86.Build.0 = Release|Any CPU
		{E4B1C6C3-69E0-436E-8A90-EC321FB7FF79}.Debug|Any CPU.ActiveCfg = Debug|Any CPU
		{E4B1C6C3-69E0-436E-8A90-EC321FB7FF79}.Debug|Any CPU.Build.0 = Debug|Any CPU
		{E4B1C6C3-69E0-436E-8A90-EC321FB7FF79}.Debug|x64.ActiveCfg = Debug|Any CPU
		{E4B1C6C3-69E0-436E-8A90-EC321FB7FF79}.Debug|x64.Build.0 = Debug|Any CPU
		{E4B1C6C3-69E0-436E-8A90-EC321FB7FF79}.Debug|x86.ActiveCfg = Debug|Any CPU
		{E4B1C6C3-69E0-436E-8A90-EC321FB7FF79}.Debug|x86.Build.0 = Debug|Any CPU
		{E4B1C6C3-69E0-436E-8A90-EC321FB7FF79}.Release|Any CPU.ActiveCfg = Release|Any CPU
		{E4B1C6C3-69E0-436E-8A90-EC321FB7FF79}.Release|Any CPU.Build.0 = Release|Any CPU
		{E4B1C6C3-69E0-436E-8A90-EC321FB7FF79}.Release|x64.ActiveCfg = Release|Any CPU
		{E4B1C6C3-69E0-436E-8A90-EC321FB7FF79}.Release|x64.Build.0 = Release|Any CPU
		{E4B1C6C3-69E0-436E-8A90-EC321FB7FF79}.Release|x86.ActiveCfg = Release|Any CPU
		{E4B1C6C3-69E0-436E-8A90-EC321FB7FF79}.Release|x86.Build.0 = Release|Any CPU
		{76B78A8F-9E06-4A5C-97AF-FE85D97FA574}.Debug|Any CPU.ActiveCfg = Debug|Any CPU
		{76B78A8F-9E06-4A5C-97AF-FE85D97FA574}.Debug|Any CPU.Build.0 = Debug|Any CPU
		{76B78A8F-9E06-4A5C-97AF-FE85D97FA574}.Debug|x64.ActiveCfg = Debug|Any CPU
		{76B78A8F-9E06-4A5C-97AF-FE85D97FA574}.Debug|x64.Build.0 = Debug|Any CPU
		{76B78A8F-9E06-4A5C-97AF-FE85D97FA574}.Debug|x86.ActiveCfg = Debug|Any CPU
		{76B78A8F-9E06-4A5C-97AF-FE85D97FA574}.Debug|x86.Build.0 = Debug|Any CPU
		{76B78A8F-9E06-4A5C-97AF-FE85D97FA574}.Release|Any CPU.ActiveCfg = Release|Any CPU
		{76B78A8F-9E06-4A5C-97AF-FE85D97FA574}.Release|Any CPU.Build.0 = Release|Any CPU
		{76B78A8F-9E06-4A5C-97AF-FE85D97FA574}.Release|x64.ActiveCfg = Release|Any CPU
		{76B78A8F-9E06-4A5C-97AF-FE85D97FA574}.Release|x64.Build.0 = Release|Any CPU
		{76B78A8F-9E06-4A5C-97AF-FE85D97FA574}.Release|x86.ActiveCfg = Release|Any CPU
		{76B78A8F-9E06-4A5C-97AF-FE85D97FA574}.Release|x86.Build.0 = Release|Any CPU
		{EF96435A-7491-42C7-9027-6C582E9DB067}.Debug|Any CPU.ActiveCfg = Debug|Any CPU
		{EF96435A-7491-42C7-9027-6C582E9DB067}.Debug|Any CPU.Build.0 = Debug|Any CPU
		{EF96435A-7491-42C7-9027-6C582E9DB067}.Debug|x64.ActiveCfg = Debug|Any CPU
		{EF96435A-7491-42C7-9027-6C582E9DB067}.Debug|x64.Build.0 = Debug|Any CPU
		{EF96435A-7491-42C7-9027-6C582E9DB067}.Debug|x86.ActiveCfg = Debug|Any CPU
		{EF96435A-7491-42C7-9027-6C582E9DB067}.Debug|x86.Build.0 = Debug|Any CPU
		{EF96435A-7491-42C7-9027-6C582E9DB067}.Release|Any CPU.ActiveCfg = Release|Any CPU
		{EF96435A-7491-42C7-9027-6C582E9DB067}.Release|Any CPU.Build.0 = Release|Any CPU
		{EF96435A-7491-42C7-9027-6C582E9DB067}.Release|x64.ActiveCfg = Release|Any CPU
		{EF96435A-7491-42C7-9027-6C582E9DB067}.Release|x64.Build.0 = Release|Any CPU
		{EF96435A-7491-42C7-9027-6C582E9DB067}.Release|x86.ActiveCfg = Release|Any CPU
		{EF96435A-7491-42C7-9027-6C582E9DB067}.Release|x86.Build.0 = Release|Any CPU
		{C61D2CAB-6F4F-4E58-9592-549E2F299426}.Debug|Any CPU.ActiveCfg = Debug|Any CPU
		{C61D2CAB-6F4F-4E58-9592-549E2F299426}.Debug|Any CPU.Build.0 = Debug|Any CPU
		{C61D2CAB-6F4F-4E58-9592-549E2F299426}.Debug|x64.ActiveCfg = Debug|Any CPU
		{C61D2CAB-6F4F-4E58-9592-549E2F299426}.Debug|x64.Build.0 = Debug|Any CPU
		{C61D2CAB-6F4F-4E58-9592-549E2F299426}.Debug|x86.ActiveCfg = Debug|Any CPU
		{C61D2CAB-6F4F-4E58-9592-549E2F299426}.Debug|x86.Build.0 = Debug|Any CPU
		{C61D2CAB-6F4F-4E58-9592-549E2F299426}.Release|Any CPU.ActiveCfg = Release|Any CPU
		{C61D2CAB-6F4F-4E58-9592-549E2F299426}.Release|Any CPU.Build.0 = Release|Any CPU
		{C61D2CAB-6F4F-4E58-9592-549E2F299426}.Release|x64.ActiveCfg = Release|Any CPU
		{C61D2CAB-6F4F-4E58-9592-549E2F299426}.Release|x64.Build.0 = Release|Any CPU
		{C61D2CAB-6F4F-4E58-9592-549E2F299426}.Release|x86.ActiveCfg = Release|Any CPU
		{C61D2CAB-6F4F-4E58-9592-549E2F299426}.Release|x86.Build.0 = Release|Any CPU
		{3CD27C2F-E0B8-446D-9B5F-9F7620635B55}.Debug|Any CPU.ActiveCfg = Debug|Any CPU
		{3CD27C2F-E0B8-446D-9B5F-9F7620635B55}.Debug|Any CPU.Build.0 = Debug|Any CPU
		{3CD27C2F-E0B8-446D-9B5F-9F7620635B55}.Debug|x64.ActiveCfg = Debug|Any CPU
		{3CD27C2F-E0B8-446D-9B5F-9F7620635B55}.Debug|x64.Build.0 = Debug|Any CPU
		{3CD27C2F-E0B8-446D-9B5F-9F7620635B55}.Debug|x86.ActiveCfg = Debug|Any CPU
		{3CD27C2F-E0B8-446D-9B5F-9F7620635B55}.Debug|x86.Build.0 = Debug|Any CPU
		{3CD27C2F-E0B8-446D-9B5F-9F7620635B55}.Release|Any CPU.ActiveCfg = Release|Any CPU
		{3CD27C2F-E0B8-446D-9B5F-9F7620635B55}.Release|Any CPU.Build.0 = Release|Any CPU
		{3CD27C2F-E0B8-446D-9B5F-9F7620635B55}.Release|x64.ActiveCfg = Release|Any CPU
		{3CD27C2F-E0B8-446D-9B5F-9F7620635B55}.Release|x64.Build.0 = Release|Any CPU
		{3CD27C2F-E0B8-446D-9B5F-9F7620635B55}.Release|x86.ActiveCfg = Release|Any CPU
		{3CD27C2F-E0B8-446D-9B5F-9F7620635B55}.Release|x86.Build.0 = Release|Any CPU
		{1725C390-580B-4967-9E64-84F7C2AE341C}.Debug|Any CPU.ActiveCfg = Debug|Any CPU
		{1725C390-580B-4967-9E64-84F7C2AE341C}.Debug|Any CPU.Build.0 = Debug|Any CPU
		{1725C390-580B-4967-9E64-84F7C2AE341C}.Debug|x64.ActiveCfg = Debug|Any CPU
		{1725C390-580B-4967-9E64-84F7C2AE341C}.Debug|x64.Build.0 = Debug|Any CPU
		{1725C390-580B-4967-9E64-84F7C2AE341C}.Debug|x86.ActiveCfg = Debug|Any CPU
		{1725C390-580B-4967-9E64-84F7C2AE341C}.Debug|x86.Build.0 = Debug|Any CPU
		{1725C390-580B-4967-9E64-84F7C2AE341C}.Release|Any CPU.ActiveCfg = Release|Any CPU
		{1725C390-580B-4967-9E64-84F7C2AE341C}.Release|Any CPU.Build.0 = Release|Any CPU
		{1725C390-580B-4967-9E64-84F7C2AE341C}.Release|x64.ActiveCfg = Release|Any CPU
		{1725C390-580B-4967-9E64-84F7C2AE341C}.Release|x64.Build.0 = Release|Any CPU
		{1725C390-580B-4967-9E64-84F7C2AE341C}.Release|x86.ActiveCfg = Release|Any CPU
		{1725C390-580B-4967-9E64-84F7C2AE341C}.Release|x86.Build.0 = Release|Any CPU
		{1A2C976D-E96A-4017-859D-0A2245A3A1ED}.Debug|Any CPU.ActiveCfg = Debug|Any CPU
		{1A2C976D-E96A-4017-859D-0A2245A3A1ED}.Debug|Any CPU.Build.0 = Debug|Any CPU
		{1A2C976D-E96A-4017-859D-0A2245A3A1ED}.Debug|x64.ActiveCfg = Debug|Any CPU
		{1A2C976D-E96A-4017-859D-0A2245A3A1ED}.Debug|x64.Build.0 = Debug|Any CPU
		{1A2C976D-E96A-4017-859D-0A2245A3A1ED}.Debug|x86.ActiveCfg = Debug|Any CPU
		{1A2C976D-E96A-4017-859D-0A2245A3A1ED}.Debug|x86.Build.0 = Debug|Any CPU
		{1A2C976D-E96A-4017-859D-0A2245A3A1ED}.Release|Any CPU.ActiveCfg = Release|Any CPU
		{1A2C976D-E96A-4017-859D-0A2245A3A1ED}.Release|Any CPU.Build.0 = Release|Any CPU
		{1A2C976D-E96A-4017-859D-0A2245A3A1ED}.Release|x64.ActiveCfg = Release|Any CPU
		{1A2C976D-E96A-4017-859D-0A2245A3A1ED}.Release|x64.Build.0 = Release|Any CPU
		{1A2C976D-E96A-4017-859D-0A2245A3A1ED}.Release|x86.ActiveCfg = Release|Any CPU
		{1A2C976D-E96A-4017-859D-0A2245A3A1ED}.Release|x86.Build.0 = Release|Any CPU
		{8BBEA5F6-375E-4059-B559-DAB313E3D744}.Debug|Any CPU.ActiveCfg = Debug|Any CPU
		{8BBEA5F6-375E-4059-B559-DAB313E3D744}.Debug|Any CPU.Build.0 = Debug|Any CPU
		{8BBEA5F6-375E-4059-B559-DAB313E3D744}.Debug|x64.ActiveCfg = Debug|Any CPU
		{8BBEA5F6-375E-4059-B559-DAB313E3D744}.Debug|x64.Build.0 = Debug|Any CPU
		{8BBEA5F6-375E-4059-B559-DAB313E3D744}.Debug|x86.ActiveCfg = Debug|Any CPU
		{8BBEA5F6-375E-4059-B559-DAB313E3D744}.Debug|x86.Build.0 = Debug|Any CPU
		{8BBEA5F6-375E-4059-B559-DAB313E3D744}.Release|Any CPU.ActiveCfg = Release|Any CPU
		{8BBEA5F6-375E-4059-B559-DAB313E3D744}.Release|Any CPU.Build.0 = Release|Any CPU
		{8BBEA5F6-375E-4059-B559-DAB313E3D744}.Release|x64.ActiveCfg = Release|Any CPU
		{8BBEA5F6-375E-4059-B559-DAB313E3D744}.Release|x64.Build.0 = Release|Any CPU
		{8BBEA5F6-375E-4059-B559-DAB313E3D744}.Release|x86.ActiveCfg = Release|Any CPU
		{8BBEA5F6-375E-4059-B559-DAB313E3D744}.Release|x86.Build.0 = Release|Any CPU
	EndGlobalSection
	GlobalSection(SolutionProperties) = preSolution
		HideSolutionNode = FALSE
	EndGlobalSection
	GlobalSection(NestedProjects) = preSolution
		{90298CBA-BD6F-3A0A-69D5-97CAD7B05E7E} = {827E0CD3-B72D-47B6-A68D-7590B98EB39B}
		{29198B4F-BA60-D483-6723-7BD064451595} = {90298CBA-BD6F-3A0A-69D5-97CAD7B05E7E}
		{1110E85F-29D9-49BE-9A7C-59EF965B9198} = {29198B4F-BA60-D483-6723-7BD064451595}
		{9EE5AAEC-AB02-9FE8-CF99-35D2D2EE0FA4} = {90298CBA-BD6F-3A0A-69D5-97CAD7B05E7E}
		{58165581-43AB-4C5D-830C-9BA1525A0B9C} = {9EE5AAEC-AB02-9FE8-CF99-35D2D2EE0FA4}
		{A7446B4C-3630-9B3B-F288-1F78CD1B2B87} = {90298CBA-BD6F-3A0A-69D5-97CAD7B05E7E}
		{D66D298B-D27B-45BC-BA9A-71DA0AF67F4E} = {A7446B4C-3630-9B3B-F288-1F78CD1B2B87}
		{B1F2B01C-43C1-A1F4-1FC4-DD0B634DA515} = {90298CBA-BD6F-3A0A-69D5-97CAD7B05E7E}
		{4A103979-66BA-4946-87F9-8B2FE1FA36B5} = {B1F2B01C-43C1-A1F4-1FC4-DD0B634DA515}
		{EC447DCF-ABFA-6E24-52A5-D7FD48A5C558} = {827E0CD3-B72D-47B6-A68D-7590B98EB39B}
		{72D90D98-2977-7949-81F5-CA55A7205F48} = {EC447DCF-ABFA-6E24-52A5-D7FD48A5C558}
		{F1B2216A-C5B1-475C-ACDC-B04E8EE74533} = {72D90D98-2977-7949-81F5-CA55A7205F48}
		{E4B1C6C3-69E0-436E-8A90-EC321FB7FF79} = {72D90D98-2977-7949-81F5-CA55A7205F48}
		{76B78A8F-9E06-4A5C-97AF-FE85D97FA574} = {72D90D98-2977-7949-81F5-CA55A7205F48}
		{EF96435A-7491-42C7-9027-6C582E9DB067} = {72D90D98-2977-7949-81F5-CA55A7205F48}
		{C61D2CAB-6F4F-4E58-9592-549E2F299426} = {72D90D98-2977-7949-81F5-CA55A7205F48}
		{981C2CF6-E5BB-602A-511C-234B538302B0} = {827E0CD3-B72D-47B6-A68D-7590B98EB39B}
		{3CD27C2F-E0B8-446D-9B5F-9F7620635B55} = {981C2CF6-E5BB-602A-511C-234B538302B0}
		{1725C390-580B-4967-9E64-84F7C2AE341C} = {0AB3BF05-4346-4AA6-1389-037BE0695223}
		{1A2C976D-E96A-4017-859D-0A2245A3A1ED} = {0AB3BF05-4346-4AA6-1389-037BE0695223}
		{8BBEA5F6-375E-4059-B559-DAB313E3D744} = {0AB3BF05-4346-4AA6-1389-037BE0695223}
	EndGlobalSection
EndGlobal
